
Microsoft Visual Studio Solution File, Format Version 12.00
# Visual Studio Version 17
VisualStudioVersion = 17.10.35013.160
MinimumVisualStudioVersion = 10.0.40219.1
Project("{FAE04EC0-301F-11D3-BF4B-00C04F79EFBC}") = "Proyecto_Ordinario", "Proyecto_Ordinario\Proyecto_Ordinario.csproj", "{A1394855-6BFA-414B-9391-AEF49E03226C}"
EndProject
Global
	GlobalSection(SolutionConfigurationPlatforms) = preSolution
		Debug|Any CPU = Debug|Any CPU
		Release|Any CPU = Release|Any CPU
	EndGlobalSection
	GlobalSection(ProjectConfigurationPlatforms) = postSolution
		{A1394855-6BFA-414B-9391-AEF49E03226C}.Debug|Any CPU.ActiveCfg = Debug|Any CPU
		{A1394855-6BFA-414B-9391-AEF49E03226C}.Debug|Any CPU.Build.0 = Debug|Any CPU
		{A1394855-6BFA-414B-9391-AEF49E03226C}.Release|Any CPU.ActiveCfg = Release|Any CPU
		{A1394855-6BFA-414B-9391-AEF49E03226C}.Release|Any CPU.Build.0 = Release|Any CPU
	EndGlobalSection
	GlobalSection(SolutionProperties) = preSolution
		HideSolutionNode = FALSE
	EndGlobalSection
	GlobalSection(ExtensibilityGlobals) = postSolution
		SolutionGuid = {9732D6A5-2B74-488A-A308-BFC406C65732}
	EndGlobalSection
EndGlobal
